
Microsoft Visual Studio Solution File, Format Version 12.00
# Visual Studio Version 17
VisualStudioVersion = 17.5.002.0
MinimumVisualStudioVersion = 10.0.40219.1
Project("{2150E333-8FDC-42A3-9474-1A3956D46DE8}") = "src", "src", "{954510A0-0837-468E-9F68-D10461EB4839}"
EndProject
Project("{9A19103F-16F7-4668-BE54-9A1E7A4F7556}") = "X.Abp.Cli", "src\X.Abp.Cli\X.Abp.Cli.csproj", "{5FA71573-6911-4718-AFF3-3A9C8BFAADBF}"
EndProject
Project("{2150E333-8FDC-42A3-9474-1A3956D46DE8}") = "test", "test", "{EE785569-936B-4B84-9859-9D028CD48132}"
EndProject
Project("{9A19103F-16F7-4668-BE54-9A1E7A4F7556}") = "X.Abp.Cli.TestBase", "test\X.Abp.Cli.TestBase\X.Abp.Cli.TestBase.csproj", "{CFF271B3-86D2-4225-B6AE-9101E0F7941E}"
EndProject
Global
	GlobalSection(SolutionConfigurationPlatforms) = preSolution
		Debug|Any CPU = Debug|Any CPU
		Release|Any CPU = Release|Any CPU
	EndGlobalSection
	GlobalSection(ProjectConfigurationPlatforms) = postSolution
		{5FA71573-6911-4718-AFF3-3A9C8BFAADBF}.Debug|Any CPU.ActiveCfg = Debug|Any CPU
		{5FA71573-6911-4718-AFF3-3A9C8BFAADBF}.Debug|Any CPU.Build.0 = Debug|Any CPU
		{5FA71573-6911-4718-AFF3-3A9C8BFAADBF}.Release|Any CPU.ActiveCfg = Release|Any CPU
		{5FA71573-6911-4718-AFF3-3A9C8BFAADBF}.Release|Any CPU.Build.0 = Release|Any CPU
		{CFF271B3-86D2-4225-B6AE-9101E0F7941E}.Debug|Any CPU.ActiveCfg = Debug|Any CPU
		{CFF271B3-86D2-4225-B6AE-9101E0F7941E}.Debug|Any CPU.Build.0 = Debug|Any CPU
		{CFF271B3-86D2-4225-B6AE-9101E0F7941E}.Release|Any CPU.ActiveCfg = Release|Any CPU
		{CFF271B3-86D2-4225-B6AE-9101E0F7941E}.Release|Any CPU.Build.0 = Release|Any CPU
	EndGlobalSection
	GlobalSection(SolutionProperties) = preSolution
		HideSolutionNode = FALSE
	EndGlobalSection
	GlobalSection(NestedProjects) = preSolution
		{5FA71573-6911-4718-AFF3-3A9C8BFAADBF} = {954510A0-0837-468E-9F68-D10461EB4839}
		{CFF271B3-86D2-4225-B6AE-9101E0F7941E} = {EE785569-936B-4B84-9859-9D028CD48132}
	EndGlobalSection
	GlobalSection(ExtensibilityGlobals) = postSolution
		SolutionGuid = {92BAD7EF-F549-4953-AFE7-E6B88A0D0697}
	EndGlobalSection
EndGlobal
