
Microsoft Visual Studio Solution File, Format Version 12.00
# Visual Studio Version 17
VisualStudioVersion = 17.5.002.0
MinimumVisualStudioVersion = 10.0.40219.1
Project("{9A19103F-16F7-4668-BE54-9A1E7A4F7556}") = "MyCompanyName.MyProjectName", "MyCompanyName.MyProjectName\MyCompanyName.MyProjectName.csproj", "{0995328B-0C85-4785-B7DA-5E2056F9B290}"
EndProject
Project("{9A19103F-16F7-4668-BE54-9A1E7A4F7556}") = "config", "config", "{716AB087-2A28-4822-8E98-AF8D870C86D2}"
	ProjectSection(SolutionItems) = preProject
		.editorconfig = .editorconfig
		Directory.Build.props = Directory.Build.props
		Directory.Packages.props = Directory.Packages.props
		MyCompanyName.MyProjectName.ruleset = MyCompanyName.MyProjectName.ruleset
		NuGet.Config = NuGet.Config
	EndProjectSection
EndProject
Global
	GlobalSection(SolutionConfigurationPlatforms) = preSolution
		Debug|Any CPU = Debug|Any CPU
		Release|Any CPU = Release|Any CPU
	EndGlobalSection
	GlobalSection(ProjectConfigurationPlatforms) = postSolution
		{0995328B-0C85-4785-B7DA-5E2056F9B290}.Debug|Any CPU.ActiveCfg = Debug|Any CPU
		{0995328B-0C85-4785-B7DA-5E2056F9B290}.Debug|Any CPU.Build.0 = Debug|Any CPU
		{0995328B-0C85-4785-B7DA-5E2056F9B290}.Release|Any CPU.ActiveCfg = Release|Any CPU
		{0995328B-0C85-4785-B7DA-5E2056F9B290}.Release|Any CPU.Build.0 = Release|Any CPU
	EndGlobalSection
	GlobalSection(SolutionProperties) = preSolution
		HideSolutionNode = FALSE
	EndGlobalSection
	GlobalSection(ExtensibilityGlobals) = postSolution
		SolutionGuid = {FFC7CCE6-154B-4F0B-8D4A-FB62CE4B1AE5}
	EndGlobalSection
EndGlobal
